
Microsoft Visual Studio Solution File, Format Version 11.00
# Visual Studio 2010
Project("{2150E333-8FDC-42A3-9474-1A3956D46DE8}") = "7. State", "7. State", "{808D182B-F45A-4F00-A3F5-86230CC70866}"
EndProject
Project("{2150E333-8FDC-42A3-9474-1A3956D46DE8}") = "1. FactoryMethod", "1. FactoryMethod", "{4C441157-A402-4D88-B42B-355DC35C722A}"
EndProject
Project("{FAE04EC0-301F-11D3-BF4B-00C04F79EFBC}") = "Factory.After", "Factory\After\Factory.After.csproj", "{7F7C5B07-7DB5-4CCE-923D-D5E5385EBBA0}"
EndProject
Project("{FAE04EC0-301F-11D3-BF4B-00C04F79EFBC}") = "Factory.Before", "Factory\Before\Factory.Before.csproj", "{5ECBD4D5-D261-4669-B14D-262FB477A70C}"
EndProject
Project("{FAE04EC0-301F-11D3-BF4B-00C04F79EFBC}") = "State.After", "State\After\State.After.csproj", "{394DD1C3-9BC2-409E-B1F7-D089149DB1C3}"
EndProject
Project("{FAE04EC0-301F-11D3-BF4B-00C04F79EFBC}") = "State.Before", "State\Before\State.Before.csproj", "{6583E842-7318-468D-8D2A-F12A9C2D8F2E}"
EndProject
Project("{2150E333-8FDC-42A3-9474-1A3956D46DE8}") = "3. Strategy", "3. Strategy", "{35EB01CE-0BA7-4B40-B400-F9EBB31CE331}"
EndProject
Project("{2150E333-8FDC-42A3-9474-1A3956D46DE8}") = "4. Decorator", "4. Decorator", "{14092FC8-25D5-4423-8345-DB3C26E0C857}"
EndProject
Project("{FAE04EC0-301F-11D3-BF4B-00C04F79EFBC}") = "Decorator.Before", "Decorator\Before\Decorator.Before.csproj", "{695A945A-E42B-4F69-A1FE-0D7710B7FAB4}"
EndProject
Project("{FAE04EC0-301F-11D3-BF4B-00C04F79EFBC}") = "Decorator.After", "Decorator\After\Decorator.After.csproj", "{132AC6E6-91AB-42B0-8AE3-9A2500562BD8}"
EndProject
Project("{2150E333-8FDC-42A3-9474-1A3956D46DE8}") = "8. Visitor", "8. Visitor", "{6416467F-F476-4563-945B-A575EDC987E3}"
EndProject
Project("{FAE04EC0-301F-11D3-BF4B-00C04F79EFBC}") = "Visitor.Before", "Visitor\Before\Visitor.Before.csproj", "{36E7211E-EF10-4E67-B221-E1C2ED2AA1A1}"
EndProject
Project("{FAE04EC0-301F-11D3-BF4B-00C04F79EFBC}") = "Visitor.After", "Visitor\After\Visitor.After.csproj", "{E2EA34C6-B357-4950-AA68-408E44ECA0E7}"
EndProject
Project("{2150E333-8FDC-42A3-9474-1A3956D46DE8}") = "5. Command", "5. Command", "{8096DCFA-CEB4-4022-9FDD-283E04D9CFF3}"
EndProject
Project("{2150E333-8FDC-42A3-9474-1A3956D46DE8}") = "6. Observer", "6. Observer", "{856C635A-A348-463E-95A6-41354E35919C}"
EndProject
Project("{FAE04EC0-301F-11D3-BF4B-00C04F79EFBC}") = "Observer.After", "Observer\After\Observer.After.csproj", "{27344059-2E15-4233-B891-B29B8DC83996}"
EndProject
Project("{FAE04EC0-301F-11D3-BF4B-00C04F79EFBC}") = "Command.After", "Command\After\Command.After.csproj", "{D74205A5-530C-4817-B58D-215ED2DF88B6}"
EndProject
Project("{FAE04EC0-301F-11D3-BF4B-00C04F79EFBC}") = "CommandBefore", "Command\Before\CommandBefore.csproj", "{23A1822E-526A-4C51-99C1-3EC27FE0E594}"
EndProject
Project("{FAE04EC0-301F-11D3-BF4B-00C04F79EFBC}") = "Strategy.After", "Strategy\After\Strategy.After.csproj", "{70DCFAF7-C3A8-41AD-8413-3FBAEAA6109E}"
EndProject
Project("{FAE04EC0-301F-11D3-BF4B-00C04F79EFBC}") = "Strategy.Before", "Strategy\Before\Strategy.Before.csproj", "{8133516B-8E08-4BD4-904E-56CF014D2D43}"
EndProject
Project("{FAE04EC0-301F-11D3-BF4B-00C04F79EFBC}") = "Observer.Before", "Observer\Before\Observer.Before.csproj", "{4A02AA05-0025-4781-87ED-909EDFE03941}"
EndProject
Project("{FAE04EC0-301F-11D3-BF4B-00C04F79EFBC}") = "AbstractFactory.Before", "AbstractFactory\Before\AbstractFactory.Before.csproj", "{BE7CFE3F-8F5A-453D-A3EC-493E1EDD4C5F}"
EndProject
Project("{2150E333-8FDC-42A3-9474-1A3956D46DE8}") = "2. AbstractFactory", "2. AbstractFactory", "{4BE29788-5585-4453-92FD-EBE1248E96A0}"
EndProject
Project("{FAE04EC0-301F-11D3-BF4B-00C04F79EFBC}") = "AbstractFactory.After", "AbstractFactory\After\AbstractFactory.After.csproj", "{3745FB09-C4B4-4006-AF1F-6D3587728AF3}"
EndProject
Project("{2150E333-8FDC-42A3-9474-1A3956D46DE8}") = "DependencyInjection", "DependencyInjection", "{C27EFD72-DBB1-4295-BB0D-D7ED80E38EDB}"
EndProject
Project("{FAE04EC0-301F-11D3-BF4B-00C04F79EFBC}") = "DI.After", "DependencyInjection\After\DI.After.csproj", "{8F4759CF-A302-4206-9EB6-B231D4305D33}"
EndProject
Project("{FAE04EC0-301F-11D3-BF4B-00C04F79EFBC}") = "DI.Middle", "DependencyInjection\Middle\DI.Middle.csproj", "{F78B453C-D714-4169-9137-E3C672331241}"
EndProject
Project("{FAE04EC0-301F-11D3-BF4B-00C04F79EFBC}") = "DI.Before", "DependencyInjection\Before\DI.Before.csproj", "{D814CE42-A9B4-45C1-B5C4-9C7A323EDBC3}"
EndProject
Global
	GlobalSection(SolutionConfigurationPlatforms) = preSolution
		Debug|Any CPU = Debug|Any CPU
		Debug|Mixed Platforms = Debug|Mixed Platforms
		Debug|x86 = Debug|x86
		Release|Any CPU = Release|Any CPU
		Release|Mixed Platforms = Release|Mixed Platforms
		Release|x86 = Release|x86
	EndGlobalSection
	GlobalSection(ProjectConfigurationPlatforms) = postSolution
		{7F7C5B07-7DB5-4CCE-923D-D5E5385EBBA0}.Debug|Any CPU.ActiveCfg = Debug|x86
		{7F7C5B07-7DB5-4CCE-923D-D5E5385EBBA0}.Debug|Mixed Platforms.ActiveCfg = Debug|x86
		{7F7C5B07-7DB5-4CCE-923D-D5E5385EBBA0}.Debug|Mixed Platforms.Build.0 = Debug|x86
		{7F7C5B07-7DB5-4CCE-923D-D5E5385EBBA0}.Debug|x86.ActiveCfg = Debug|x86
		{7F7C5B07-7DB5-4CCE-923D-D5E5385EBBA0}.Debug|x86.Build.0 = Debug|x86
		{7F7C5B07-7DB5-4CCE-923D-D5E5385EBBA0}.Release|Any CPU.ActiveCfg = Release|x86
		{7F7C5B07-7DB5-4CCE-923D-D5E5385EBBA0}.Release|Mixed Platforms.ActiveCfg = Release|x86
		{7F7C5B07-7DB5-4CCE-923D-D5E5385EBBA0}.Release|Mixed Platforms.Build.0 = Release|x86
		{7F7C5B07-7DB5-4CCE-923D-D5E5385EBBA0}.Release|x86.ActiveCfg = Release|x86
		{7F7C5B07-7DB5-4CCE-923D-D5E5385EBBA0}.Release|x86.Build.0 = Release|x86
		{5ECBD4D5-D261-4669-B14D-262FB477A70C}.Debug|Any CPU.ActiveCfg = Debug|x86
		{5ECBD4D5-D261-4669-B14D-262FB477A70C}.Debug|Mixed Platforms.ActiveCfg = Debug|x86
		{5ECBD4D5-D261-4669-B14D-262FB477A70C}.Debug|Mixed Platforms.Build.0 = Debug|x86
		{5ECBD4D5-D261-4669-B14D-262FB477A70C}.Debug|x86.ActiveCfg = Debug|x86
		{5ECBD4D5-D261-4669-B14D-262FB477A70C}.Debug|x86.Build.0 = Debug|x86
		{5ECBD4D5-D261-4669-B14D-262FB477A70C}.Release|Any CPU.ActiveCfg = Release|x86
		{5ECBD4D5-D261-4669-B14D-262FB477A70C}.Release|Mixed Platforms.ActiveCfg = Release|x86
		{5ECBD4D5-D261-4669-B14D-262FB477A70C}.Release|Mixed Platforms.Build.0 = Release|x86
		{5ECBD4D5-D261-4669-B14D-262FB477A70C}.Release|x86.ActiveCfg = Release|x86
		{5ECBD4D5-D261-4669-B14D-262FB477A70C}.Release|x86.Build.0 = Release|x86
		{394DD1C3-9BC2-409E-B1F7-D089149DB1C3}.Debug|Any CPU.ActiveCfg = Debug|Any CPU
		{394DD1C3-9BC2-409E-B1F7-D089149DB1C3}.Debug|Any CPU.Build.0 = Debug|Any CPU
		{394DD1C3-9BC2-409E-B1F7-D089149DB1C3}.Debug|Mixed Platforms.ActiveCfg = Debug|Any CPU
		{394DD1C3-9BC2-409E-B1F7-D089149DB1C3}.Debug|Mixed Platforms.Build.0 = Debug|Any CPU
		{394DD1C3-9BC2-409E-B1F7-D089149DB1C3}.Debug|x86.ActiveCfg = Debug|Any CPU
		{394DD1C3-9BC2-409E-B1F7-D089149DB1C3}.Release|Any CPU.ActiveCfg = Release|Any CPU
		{394DD1C3-9BC2-409E-B1F7-D089149DB1C3}.Release|Any CPU.Build.0 = Release|Any CPU
		{394DD1C3-9BC2-409E-B1F7-D089149DB1C3}.Release|Mixed Platforms.ActiveCfg = Release|Any CPU
		{394DD1C3-9BC2-409E-B1F7-D089149DB1C3}.Release|Mixed Platforms.Build.0 = Release|Any CPU
		{394DD1C3-9BC2-409E-B1F7-D089149DB1C3}.Release|x86.ActiveCfg = Release|Any CPU
		{6583E842-7318-468D-8D2A-F12A9C2D8F2E}.Debug|Any CPU.ActiveCfg = Debug|Any CPU
		{6583E842-7318-468D-8D2A-F12A9C2D8F2E}.Debug|Any CPU.Build.0 = Debug|Any CPU
		{6583E842-7318-468D-8D2A-F12A9C2D8F2E}.Debug|Mixed Platforms.ActiveCfg = Debug|Any CPU
		{6583E842-7318-468D-8D2A-F12A9C2D8F2E}.Debug|Mixed Platforms.Build.0 = Debug|Any CPU
		{6583E842-7318-468D-8D2A-F12A9C2D8F2E}.Debug|x86.ActiveCfg = Debug|Any CPU
		{6583E842-7318-468D-8D2A-F12A9C2D8F2E}.Release|Any CPU.ActiveCfg = Release|Any CPU
		{6583E842-7318-468D-8D2A-F12A9C2D8F2E}.Release|Any CPU.Build.0 = Release|Any CPU
		{6583E842-7318-468D-8D2A-F12A9C2D8F2E}.Release|Mixed Platforms.ActiveCfg = Release|Any CPU
		{6583E842-7318-468D-8D2A-F12A9C2D8F2E}.Release|Mixed Platforms.Build.0 = Release|Any CPU
		{6583E842-7318-468D-8D2A-F12A9C2D8F2E}.Release|x86.ActiveCfg = Release|Any CPU
		{695A945A-E42B-4F69-A1FE-0D7710B7FAB4}.Debug|Any CPU.ActiveCfg = Debug|x86
		{695A945A-E42B-4F69-A1FE-0D7710B7FAB4}.Debug|Mixed Platforms.ActiveCfg = Debug|x86
		{695A945A-E42B-4F69-A1FE-0D7710B7FAB4}.Debug|Mixed Platforms.Build.0 = Debug|x86
		{695A945A-E42B-4F69-A1FE-0D7710B7FAB4}.Debug|x86.ActiveCfg = Debug|x86
		{695A945A-E42B-4F69-A1FE-0D7710B7FAB4}.Debug|x86.Build.0 = Debug|x86
		{695A945A-E42B-4F69-A1FE-0D7710B7FAB4}.Release|Any CPU.ActiveCfg = Release|x86
		{695A945A-E42B-4F69-A1FE-0D7710B7FAB4}.Release|Mixed Platforms.ActiveCfg = Release|x86
		{695A945A-E42B-4F69-A1FE-0D7710B7FAB4}.Release|Mixed Platforms.Build.0 = Release|x86
		{695A945A-E42B-4F69-A1FE-0D7710B7FAB4}.Release|x86.ActiveCfg = Release|x86
		{695A945A-E42B-4F69-A1FE-0D7710B7FAB4}.Release|x86.Build.0 = Release|x86
		{132AC6E6-91AB-42B0-8AE3-9A2500562BD8}.Debug|Any CPU.ActiveCfg = Debug|x86
		{132AC6E6-91AB-42B0-8AE3-9A2500562BD8}.Debug|Mixed Platforms.ActiveCfg = Debug|x86
		{132AC6E6-91AB-42B0-8AE3-9A2500562BD8}.Debug|Mixed Platforms.Build.0 = Debug|x86
		{132AC6E6-91AB-42B0-8AE3-9A2500562BD8}.Debug|x86.ActiveCfg = Debug|x86
		{132AC6E6-91AB-42B0-8AE3-9A2500562BD8}.Debug|x86.Build.0 = Debug|x86
		{132AC6E6-91AB-42B0-8AE3-9A2500562BD8}.Release|Any CPU.ActiveCfg = Release|x86
		{132AC6E6-91AB-42B0-8AE3-9A2500562BD8}.Release|Mixed Platforms.ActiveCfg = Release|x86
		{132AC6E6-91AB-42B0-8AE3-9A2500562BD8}.Release|Mixed Platforms.Build.0 = Release|x86
		{132AC6E6-91AB-42B0-8AE3-9A2500562BD8}.Release|x86.ActiveCfg = Release|x86
		{132AC6E6-91AB-42B0-8AE3-9A2500562BD8}.Release|x86.Build.0 = Release|x86
		{36E7211E-EF10-4E67-B221-E1C2ED2AA1A1}.Debug|Any CPU.ActiveCfg = Debug|Any CPU
		{36E7211E-EF10-4E67-B221-E1C2ED2AA1A1}.Debug|Any CPU.Build.0 = Debug|Any CPU
		{36E7211E-EF10-4E67-B221-E1C2ED2AA1A1}.Debug|Mixed Platforms.ActiveCfg = Debug|Any CPU
		{36E7211E-EF10-4E67-B221-E1C2ED2AA1A1}.Debug|Mixed Platforms.Build.0 = Debug|Any CPU
		{36E7211E-EF10-4E67-B221-E1C2ED2AA1A1}.Debug|x86.ActiveCfg = Debug|Any CPU
		{36E7211E-EF10-4E67-B221-E1C2ED2AA1A1}.Release|Any CPU.ActiveCfg = Release|Any CPU
		{36E7211E-EF10-4E67-B221-E1C2ED2AA1A1}.Release|Any CPU.Build.0 = Release|Any CPU
		{36E7211E-EF10-4E67-B221-E1C2ED2AA1A1}.Release|Mixed Platforms.ActiveCfg = Release|Any CPU
		{36E7211E-EF10-4E67-B221-E1C2ED2AA1A1}.Release|Mixed Platforms.Build.0 = Release|Any CPU
		{36E7211E-EF10-4E67-B221-E1C2ED2AA1A1}.Release|x86.ActiveCfg = Release|Any CPU
		{E2EA34C6-B357-4950-AA68-408E44ECA0E7}.Debug|Any CPU.ActiveCfg = Debug|Any CPU
		{E2EA34C6-B357-4950-AA68-408E44ECA0E7}.Debug|Any CPU.Build.0 = Debug|Any CPU
		{E2EA34C6-B357-4950-AA68-408E44ECA0E7}.Debug|Mixed Platforms.ActiveCfg = Debug|Any CPU
		{E2EA34C6-B357-4950-AA68-408E44ECA0E7}.Debug|Mixed Platforms.Build.0 = Debug|Any CPU
		{E2EA34C6-B357-4950-AA68-408E44ECA0E7}.Debug|x86.ActiveCfg = Debug|Any CPU
		{E2EA34C6-B357-4950-AA68-408E44ECA0E7}.Release|Any CPU.ActiveCfg = Release|Any CPU
		{E2EA34C6-B357-4950-AA68-408E44ECA0E7}.Release|Any CPU.Build.0 = Release|Any CPU
		{E2EA34C6-B357-4950-AA68-408E44ECA0E7}.Release|Mixed Platforms.ActiveCfg = Release|Any CPU
		{E2EA34C6-B357-4950-AA68-408E44ECA0E7}.Release|Mixed Platforms.Build.0 = Release|Any CPU
		{E2EA34C6-B357-4950-AA68-408E44ECA0E7}.Release|x86.ActiveCfg = Release|Any CPU
		{27344059-2E15-4233-B891-B29B8DC83996}.Debug|Any CPU.ActiveCfg = Debug|Any CPU
		{27344059-2E15-4233-B891-B29B8DC83996}.Debug|Any CPU.Build.0 = Debug|Any CPU
		{27344059-2E15-4233-B891-B29B8DC83996}.Debug|Mixed Platforms.ActiveCfg = Debug|Any CPU
		{27344059-2E15-4233-B891-B29B8DC83996}.Debug|Mixed Platforms.Build.0 = Debug|Any CPU
		{27344059-2E15-4233-B891-B29B8DC83996}.Debug|x86.ActiveCfg = Debug|Any CPU
		{27344059-2E15-4233-B891-B29B8DC83996}.Release|Any CPU.ActiveCfg = Release|Any CPU
		{27344059-2E15-4233-B891-B29B8DC83996}.Release|Any CPU.Build.0 = Release|Any CPU
		{27344059-2E15-4233-B891-B29B8DC83996}.Release|Mixed Platforms.ActiveCfg = Release|Any CPU
		{27344059-2E15-4233-B891-B29B8DC83996}.Release|Mixed Platforms.Build.0 = Release|Any CPU
		{27344059-2E15-4233-B891-B29B8DC83996}.Release|x86.ActiveCfg = Release|Any CPU
		{D74205A5-530C-4817-B58D-215ED2DF88B6}.Debug|Any CPU.ActiveCfg = Debug|x86
		{D74205A5-530C-4817-B58D-215ED2DF88B6}.Debug|Mixed Platforms.ActiveCfg = Debug|x86
		{D74205A5-530C-4817-B58D-215ED2DF88B6}.Debug|Mixed Platforms.Build.0 = Debug|x86
		{D74205A5-530C-4817-B58D-215ED2DF88B6}.Debug|x86.ActiveCfg = Debug|x86
		{D74205A5-530C-4817-B58D-215ED2DF88B6}.Debug|x86.Build.0 = Debug|x86
		{D74205A5-530C-4817-B58D-215ED2DF88B6}.Release|Any CPU.ActiveCfg = Release|x86
		{D74205A5-530C-4817-B58D-215ED2DF88B6}.Release|Mixed Platforms.ActiveCfg = Release|x86
		{D74205A5-530C-4817-B58D-215ED2DF88B6}.Release|Mixed Platforms.Build.0 = Release|x86
		{D74205A5-530C-4817-B58D-215ED2DF88B6}.Release|x86.ActiveCfg = Release|x86
		{D74205A5-530C-4817-B58D-215ED2DF88B6}.Release|x86.Build.0 = Release|x86
		{23A1822E-526A-4C51-99C1-3EC27FE0E594}.Debug|Any CPU.ActiveCfg = Debug|x86
		{23A1822E-526A-4C51-99C1-3EC27FE0E594}.Debug|Mixed Platforms.ActiveCfg = Debug|x86
		{23A1822E-526A-4C51-99C1-3EC27FE0E594}.Debug|Mixed Platforms.Build.0 = Debug|x86
		{23A1822E-526A-4C51-99C1-3EC27FE0E594}.Debug|x86.ActiveCfg = Debug|x86
		{23A1822E-526A-4C51-99C1-3EC27FE0E594}.Debug|x86.Build.0 = Debug|x86
		{23A1822E-526A-4C51-99C1-3EC27FE0E594}.Release|Any CPU.ActiveCfg = Release|x86
		{23A1822E-526A-4C51-99C1-3EC27FE0E594}.Release|Mixed Platforms.ActiveCfg = Release|x86
		{23A1822E-526A-4C51-99C1-3EC27FE0E594}.Release|Mixed Platforms.Build.0 = Release|x86
		{23A1822E-526A-4C51-99C1-3EC27FE0E594}.Release|x86.ActiveCfg = Release|x86
		{23A1822E-526A-4C51-99C1-3EC27FE0E594}.Release|x86.Build.0 = Release|x86
		{70DCFAF7-C3A8-41AD-8413-3FBAEAA6109E}.Debug|Any CPU.ActiveCfg = Debug|x86
		{70DCFAF7-C3A8-41AD-8413-3FBAEAA6109E}.Debug|Mixed Platforms.ActiveCfg = Debug|x86
		{70DCFAF7-C3A8-41AD-8413-3FBAEAA6109E}.Debug|Mixed Platforms.Build.0 = Debug|x86
		{70DCFAF7-C3A8-41AD-8413-3FBAEAA6109E}.Debug|x86.ActiveCfg = Debug|x86
		{70DCFAF7-C3A8-41AD-8413-3FBAEAA6109E}.Debug|x86.Build.0 = Debug|x86
		{70DCFAF7-C3A8-41AD-8413-3FBAEAA6109E}.Release|Any CPU.ActiveCfg = Release|x86
		{70DCFAF7-C3A8-41AD-8413-3FBAEAA6109E}.Release|Mixed Platforms.ActiveCfg = Release|x86
		{70DCFAF7-C3A8-41AD-8413-3FBAEAA6109E}.Release|Mixed Platforms.Build.0 = Release|x86
		{70DCFAF7-C3A8-41AD-8413-3FBAEAA6109E}.Release|x86.ActiveCfg = Release|x86
		{70DCFAF7-C3A8-41AD-8413-3FBAEAA6109E}.Release|x86.Build.0 = Release|x86
		{8133516B-8E08-4BD4-904E-56CF014D2D43}.Debug|Any CPU.ActiveCfg = Debug|x86
		{8133516B-8E08-4BD4-904E-56CF014D2D43}.Debug|Mixed Platforms.ActiveCfg = Debug|x86
		{8133516B-8E08-4BD4-904E-56CF014D2D43}.Debug|Mixed Platforms.Build.0 = Debug|x86
		{8133516B-8E08-4BD4-904E-56CF014D2D43}.Debug|x86.ActiveCfg = Debug|x86
		{8133516B-8E08-4BD4-904E-56CF014D2D43}.Debug|x86.Build.0 = Debug|x86
		{8133516B-8E08-4BD4-904E-56CF014D2D43}.Release|Any CPU.ActiveCfg = Release|x86
		{8133516B-8E08-4BD4-904E-56CF014D2D43}.Release|Mixed Platforms.ActiveCfg = Release|x86
		{8133516B-8E08-4BD4-904E-56CF014D2D43}.Release|Mixed Platforms.Build.0 = Release|x86
		{8133516B-8E08-4BD4-904E-56CF014D2D43}.Release|x86.ActiveCfg = Release|x86
		{8133516B-8E08-4BD4-904E-56CF014D2D43}.Release|x86.Build.0 = Release|x86
		{4A02AA05-0025-4781-87ED-909EDFE03941}.Debug|Any CPU.ActiveCfg = Debug|Any CPU
		{4A02AA05-0025-4781-87ED-909EDFE03941}.Debug|Any CPU.Build.0 = Debug|Any CPU
		{4A02AA05-0025-4781-87ED-909EDFE03941}.Debug|Mixed Platforms.ActiveCfg = Debug|Any CPU
		{4A02AA05-0025-4781-87ED-909EDFE03941}.Debug|Mixed Platforms.Build.0 = Debug|Any CPU
		{4A02AA05-0025-4781-87ED-909EDFE03941}.Debug|x86.ActiveCfg = Debug|Any CPU
		{4A02AA05-0025-4781-87ED-909EDFE03941}.Release|Any CPU.ActiveCfg = Release|Any CPU
		{4A02AA05-0025-4781-87ED-909EDFE03941}.Release|Any CPU.Build.0 = Release|Any CPU
		{4A02AA05-0025-4781-87ED-909EDFE03941}.Release|Mixed Platforms.ActiveCfg = Release|Any CPU
		{4A02AA05-0025-4781-87ED-909EDFE03941}.Release|Mixed Platforms.Build.0 = Release|Any CPU
		{4A02AA05-0025-4781-87ED-909EDFE03941}.Release|x86.ActiveCfg = Release|Any CPU
		{BE7CFE3F-8F5A-453D-A3EC-493E1EDD4C5F}.Debug|Any CPU.ActiveCfg = Debug|x86
		{BE7CFE3F-8F5A-453D-A3EC-493E1EDD4C5F}.Debug|Mixed Platforms.ActiveCfg = Debug|x86
		{BE7CFE3F-8F5A-453D-A3EC-493E1EDD4C5F}.Debug|Mixed Platforms.Build.0 = Debug|x86
		{BE7CFE3F-8F5A-453D-A3EC-493E1EDD4C5F}.Debug|x86.ActiveCfg = Debug|x86
		{BE7CFE3F-8F5A-453D-A3EC-493E1EDD4C5F}.Debug|x86.Build.0 = Debug|x86
		{BE7CFE3F-8F5A-453D-A3EC-493E1EDD4C5F}.Release|Any CPU.ActiveCfg = Release|x86
		{BE7CFE3F-8F5A-453D-A3EC-493E1EDD4C5F}.Release|Mixed Platforms.ActiveCfg = Release|x86
		{BE7CFE3F-8F5A-453D-A3EC-493E1EDD4C5F}.Release|Mixed Platforms.Build.0 = Release|x86
		{BE7CFE3F-8F5A-453D-A3EC-493E1EDD4C5F}.Release|x86.ActiveCfg = Release|x86
		{BE7CFE3F-8F5A-453D-A3EC-493E1EDD4C5F}.Release|x86.Build.0 = Release|x86
		{3745FB09-C4B4-4006-AF1F-6D3587728AF3}.Debug|Any CPU.ActiveCfg = Debug|x86
		{3745FB09-C4B4-4006-AF1F-6D3587728AF3}.Debug|Mixed Platforms.ActiveCfg = Debug|x86
		{3745FB09-C4B4-4006-AF1F-6D3587728AF3}.Debug|Mixed Platforms.Build.0 = Debug|x86
		{3745FB09-C4B4-4006-AF1F-6D3587728AF3}.Debug|x86.ActiveCfg = Debug|x86
		{3745FB09-C4B4-4006-AF1F-6D3587728AF3}.Debug|x86.Build.0 = Debug|x86
		{3745FB09-C4B4-4006-AF1F-6D3587728AF3}.Release|Any CPU.ActiveCfg = Release|x86
		{3745FB09-C4B4-4006-AF1F-6D3587728AF3}.Release|Mixed Platforms.ActiveCfg = Release|x86
		{3745FB09-C4B4-4006-AF1F-6D3587728AF3}.Release|Mixed Platforms.Build.0 = Release|x86
		{3745FB09-C4B4-4006-AF1F-6D3587728AF3}.Release|x86.ActiveCfg = Release|x86
		{3745FB09-C4B4-4006-AF1F-6D3587728AF3}.Release|x86.Build.0 = Release|x86
		{8F4759CF-A302-4206-9EB6-B231D4305D33}.Debug|Any CPU.ActiveCfg = Debug|x86
		{8F4759CF-A302-4206-9EB6-B231D4305D33}.Debug|Mixed Platforms.ActiveCfg = Debug|x86
		{8F4759CF-A302-4206-9EB6-B231D4305D33}.Debug|Mixed Platforms.Build.0 = Debug|x86
		{8F4759CF-A302-4206-9EB6-B231D4305D33}.Debug|x86.ActiveCfg = Debug|x86
		{8F4759CF-A302-4206-9EB6-B231D4305D33}.Debug|x86.Build.0 = Debug|x86
		{8F4759CF-A302-4206-9EB6-B231D4305D33}.Release|Any CPU.ActiveCfg = Release|x86
		{8F4759CF-A302-4206-9EB6-B231D4305D33}.Release|Mixed Platforms.ActiveCfg = Release|x86
		{8F4759CF-A302-4206-9EB6-B231D4305D33}.Release|Mixed Platforms.Build.0 = Release|x86
		{8F4759CF-A302-4206-9EB6-B231D4305D33}.Release|x86.ActiveCfg = Release|x86
		{8F4759CF-A302-4206-9EB6-B231D4305D33}.Release|x86.Build.0 = Release|x86
		{F78B453C-D714-4169-9137-E3C672331241}.Debug|Any CPU.ActiveCfg = Debug|x86
		{F78B453C-D714-4169-9137-E3C672331241}.Debug|Mixed Platforms.ActiveCfg = Debug|x86
		{F78B453C-D714-4169-9137-E3C672331241}.Debug|Mixed Platforms.Build.0 = Debug|x86
		{F78B453C-D714-4169-9137-E3C672331241}.Debug|x86.ActiveCfg = Debug|x86
		{F78B453C-D714-4169-9137-E3C672331241}.Debug|x86.Build.0 = Debug|x86
		{F78B453C-D714-4169-9137-E3C672331241}.Release|Any CPU.ActiveCfg = Release|x86
		{F78B453C-D714-4169-9137-E3C672331241}.Release|Mixed Platforms.ActiveCfg = Release|x86
		{F78B453C-D714-4169-9137-E3C672331241}.Release|Mixed Platforms.Build.0 = Release|x86
		{F78B453C-D714-4169-9137-E3C672331241}.Release|x86.ActiveCfg = Release|x86
		{F78B453C-D714-4169-9137-E3C672331241}.Release|x86.Build.0 = Release|x86
		{D814CE42-A9B4-45C1-B5C4-9C7A323EDBC3}.Debug|Any CPU.ActiveCfg = Debug|x86
		{D814CE42-A9B4-45C1-B5C4-9C7A323EDBC3}.Debug|Mixed Platforms.ActiveCfg = Debug|x86
		{D814CE42-A9B4-45C1-B5C4-9C7A323EDBC3}.Debug|Mixed Platforms.Build.0 = Debug|x86
		{D814CE42-A9B4-45C1-B5C4-9C7A323EDBC3}.Debug|x86.ActiveCfg = Debug|x86
		{D814CE42-A9B4-45C1-B5C4-9C7A323EDBC3}.Debug|x86.Build.0 = Debug|x86
		{D814CE42-A9B4-45C1-B5C4-9C7A323EDBC3}.Release|Any CPU.ActiveCfg = Release|x86
		{D814CE42-A9B4-45C1-B5C4-9C7A323EDBC3}.Release|Mixed Platforms.ActiveCfg = Release|x86
		{D814CE42-A9B4-45C1-B5C4-9C7A323EDBC3}.Release|Mixed Platforms.Build.0 = Release|x86
		{D814CE42-A9B4-45C1-B5C4-9C7A323EDBC3}.Release|x86.ActiveCfg = Release|x86
		{D814CE42-A9B4-45C1-B5C4-9C7A323EDBC3}.Release|x86.Build.0 = Release|x86
	EndGlobalSection
	GlobalSection(SolutionProperties) = preSolution
		HideSolutionNode = FALSE
	EndGlobalSection
	GlobalSection(NestedProjects) = preSolution
		{394DD1C3-9BC2-409E-B1F7-D089149DB1C3} = {808D182B-F45A-4F00-A3F5-86230CC70866}
		{6583E842-7318-468D-8D2A-F12A9C2D8F2E} = {808D182B-F45A-4F00-A3F5-86230CC70866}
		{7F7C5B07-7DB5-4CCE-923D-D5E5385EBBA0} = {4C441157-A402-4D88-B42B-355DC35C722A}
		{5ECBD4D5-D261-4669-B14D-262FB477A70C} = {4C441157-A402-4D88-B42B-355DC35C722A}
		{70DCFAF7-C3A8-41AD-8413-3FBAEAA6109E} = {35EB01CE-0BA7-4B40-B400-F9EBB31CE331}
		{8133516B-8E08-4BD4-904E-56CF014D2D43} = {35EB01CE-0BA7-4B40-B400-F9EBB31CE331}
		{695A945A-E42B-4F69-A1FE-0D7710B7FAB4} = {14092FC8-25D5-4423-8345-DB3C26E0C857}
		{132AC6E6-91AB-42B0-8AE3-9A2500562BD8} = {14092FC8-25D5-4423-8345-DB3C26E0C857}
		{36E7211E-EF10-4E67-B221-E1C2ED2AA1A1} = {6416467F-F476-4563-945B-A575EDC987E3}
		{E2EA34C6-B357-4950-AA68-408E44ECA0E7} = {6416467F-F476-4563-945B-A575EDC987E3}
		{D74205A5-530C-4817-B58D-215ED2DF88B6} = {8096DCFA-CEB4-4022-9FDD-283E04D9CFF3}
		{23A1822E-526A-4C51-99C1-3EC27FE0E594} = {8096DCFA-CEB4-4022-9FDD-283E04D9CFF3}
		{27344059-2E15-4233-B891-B29B8DC83996} = {856C635A-A348-463E-95A6-41354E35919C}
		{4A02AA05-0025-4781-87ED-909EDFE03941} = {856C635A-A348-463E-95A6-41354E35919C}
		{BE7CFE3F-8F5A-453D-A3EC-493E1EDD4C5F} = {4BE29788-5585-4453-92FD-EBE1248E96A0}
		{3745FB09-C4B4-4006-AF1F-6D3587728AF3} = {4BE29788-5585-4453-92FD-EBE1248E96A0}
		{8F4759CF-A302-4206-9EB6-B231D4305D33} = {C27EFD72-DBB1-4295-BB0D-D7ED80E38EDB}
		{F78B453C-D714-4169-9137-E3C672331241} = {C27EFD72-DBB1-4295-BB0D-D7ED80E38EDB}
		{D814CE42-A9B4-45C1-B5C4-9C7A323EDBC3} = {C27EFD72-DBB1-4295-BB0D-D7ED80E38EDB}
	EndGlobalSection
EndGlobal
